
Microsoft Visual Studio Solution File, Format Version 12.00
# Visual Studio Version 17
VisualStudioVersion = 17.6.33815.320
MinimumVisualStudioVersion = 10.0.40219.1
Project("{FAE04EC0-301F-11D3-BF4B-00C04F79EFBC}") = "LoginGrocery", "LoginGrocery\LoginGrocery.csproj", "{80534AE0-E18A-4EE0-ADAD-D14DE8B8C52C}"
EndProject
Project("{9A19103F-16F7-4668-BE54-9A1E7A4F7556}") = "DAL", "DAL\DAL.csproj", "{0297F5B9-CE18-4A84-A6D9-8D7BA6CFE30D}"
EndProject
Project("{FAE04EC0-301F-11D3-BF4B-00C04F79EFBC}") = "Testing", "Testing\Testing.csproj", "{78C54EAE-DFA1-4A95-BC54-122DB9E39EF7}"
EndProject
Global
	GlobalSection(SolutionConfigurationPlatforms) = preSolution
		Debug|Any CPU = Debug|Any CPU
		Release|Any CPU = Release|Any CPU
	EndGlobalSection
	GlobalSection(ProjectConfigurationPlatforms) = postSolution
		{80534AE0-E18A-4EE0-ADAD-D14DE8B8C52C}.Debug|Any CPU.ActiveCfg = Debug|Any CPU
		{80534AE0-E18A-4EE0-ADAD-D14DE8B8C52C}.Debug|Any CPU.Build.0 = Debug|Any CPU
		{80534AE0-E18A-4EE0-ADAD-D14DE8B8C52C}.Release|Any CPU.ActiveCfg = Release|Any CPU
		{80534AE0-E18A-4EE0-ADAD-D14DE8B8C52C}.Release|Any CPU.Build.0 = Release|Any CPU
		{0297F5B9-CE18-4A84-A6D9-8D7BA6CFE30D}.Debug|Any CPU.ActiveCfg = Debug|Any CPU
		{0297F5B9-CE18-4A84-A6D9-8D7BA6CFE30D}.Debug|Any CPU.Build.0 = Debug|Any CPU
		{0297F5B9-CE18-4A84-A6D9-8D7BA6CFE30D}.Release|Any CPU.ActiveCfg = Release|Any CPU
		{0297F5B9-CE18-4A84-A6D9-8D7BA6CFE30D}.Release|Any CPU.Build.0 = Release|Any CPU
		{78C54EAE-DFA1-4A95-BC54-122DB9E39EF7}.Debug|Any CPU.ActiveCfg = Debug|Any CPU
		{78C54EAE-DFA1-4A95-BC54-122DB9E39EF7}.Debug|Any CPU.Build.0 = Debug|Any CPU
		{78C54EAE-DFA1-4A95-BC54-122DB9E39EF7}.Release|Any CPU.ActiveCfg = Release|Any CPU
		{78C54EAE-DFA1-4A95-BC54-122DB9E39EF7}.Release|Any CPU.Build.0 = Release|Any CPU
	EndGlobalSection
	GlobalSection(SolutionProperties) = preSolution
		HideSolutionNode = FALSE
	EndGlobalSection
	GlobalSection(ExtensibilityGlobals) = postSolution
		SolutionGuid = {ECBFD34C-5FAE-4FCE-9EA7-518529637407}
	EndGlobalSection
EndGlobal
